
Microsoft Visual Studio Solution File, Format Version 12.00
# Visual Studio Version 16
VisualStudioVersion = 16.0.33027.164
MinimumVisualStudioVersion = 10.0.40219.1
Project("{FAE04EC0-301F-11D3-BF4B-00C04F79EFBC}") = "SkillMine_Project", "SkillMine_Project\SkillMine_Project.csproj", "{AF22A0DD-ECEE-40F4-AEC8-217A3F587444}"
EndProject
Global
	GlobalSection(SolutionConfigurationPlatforms) = preSolution
		Debug|Any CPU = Debug|Any CPU
		Release|Any CPU = Release|Any CPU
	EndGlobalSection
	GlobalSection(ProjectConfigurationPlatforms) = postSolution
		{AF22A0DD-ECEE-40F4-AEC8-217A3F587444}.Debug|Any CPU.ActiveCfg = Debug|Any CPU
		{AF22A0DD-ECEE-40F4-AEC8-217A3F587444}.Debug|Any CPU.Build.0 = Debug|Any CPU
		{AF22A0DD-ECEE-40F4-AEC8-217A3F587444}.Release|Any CPU.ActiveCfg = Release|Any CPU
		{AF22A0DD-ECEE-40F4-AEC8-217A3F587444}.Release|Any CPU.Build.0 = Release|Any CPU
	EndGlobalSection
	GlobalSection(SolutionProperties) = preSolution
		HideSolutionNode = FALSE
	EndGlobalSection
	GlobalSection(ExtensibilityGlobals) = postSolution
		SolutionGuid = {F11AA9C3-D8A3-4528-A68C-E204D57ACF3E}
	EndGlobalSection
EndGlobal
